<?xml version="1.0" encoding="utf-8"?>
<Project ToolsVersion="4.0" xmlns="http://schemas.microsoft.com/developer/msbuild/2003">
  <ItemGroup>
    <Filter Include="Util">
      <UniqueIdentifier>{9babf479-2d37-4dac-aec2-634276f3fda3}</UniqueIdentifier>
    </Filter>
    <Filter Include="Platform">
      <UniqueIdentifier>{34bfa85c-2947-4669-a4a3-31a7ea11c04f}</UniqueIdentifier>
    </Filter>
    <Filter Include="Shiny">
      <UniqueIdentifier>{91541371-9658-471b-b0d5-658d8ddaf9e4}</UniqueIdentifier>
    </Filter>
    <Filter Include="GPUData">
      <UniqueIdentifier>{de8ccaf5-e28f-4c05-bf81-32a30cdf1603}</UniqueIdentifier>
    </Filter>
    <Filter Include="Graphics">
      <UniqueIdentifier>{0210e274-2e30-4e26-88e7-402072645f2a}</UniqueIdentifier>
    </Filter>
    <Filter Include="Game">
      <UniqueIdentifier>{677ddf43-7a51-4957-b737-73c74e391f86}</UniqueIdentifier>
    </Filter>
    <Filter Include="Shaders">
      <UniqueIdentifier>{b47ededa-37e8-4a9e-97d3-5b633645673c}</UniqueIdentifier>
    </Filter>
    <Filter Include="OfflineTools">
      <UniqueIdentifier>{0c7f61cb-0fec-4828-9baa-1100414baa77}</UniqueIdentifier>
    </Filter>
    <Filter Include="RenderEngine">
      <UniqueIdentifier>{3d53f1a4-9bfb-46e7-985f-544fe97ff608}</UniqueIdentifier>
    </Filter>
  </ItemGroup>
  <ItemGroup>
    <ClInclude Include="MathUtil.h">
      <Filter>Util</Filter>
    </ClInclude>
    <ClInclude Include="Platform.h">
      <Filter>Platform</Filter>
    </ClInclude>
    <ClInclude Include="Display.h">
      <Filter>Platform</Filter>
    </ClInclude>
    <ClInclude Include="Input.h">
      <Filter>Platform</Filter>
    </ClInclude>
    <ClInclude Include="PerformanceTimer.h">
      <Filter>Platform</Filter>
    </ClInclude>
    <ClInclude Include="ShaderProgram.h">
      <Filter>Platform</Filter>
    </ClInclude>
    <ClInclude Include="Texture.h">
      <Filter>GPUData</Filter>
    </ClInclude>
    <ClInclude Include="RenderingSystem.h">
      <Filter>Shiny</Filter>
    </ClInclude>
    <ClInclude Include="UniformBlockDescription.h">
      <Filter>Graphics</Filter>
    </ClInclude>
    <ClInclude Include="UniformBlock.h">
      <Filter>Graphics</Filter>
    </ClInclude>
    <ClInclude Include="GLSLProgram.h">
      <Filter>Graphics</Filter>
    </ClInclude>
    <ClInclude Include="VertexAttributeDescription.h">
      <Filter>Graphics</Filter>
    </ClInclude>
    <ClInclude Include="Mesh.h">
      <Filter>GPUData</Filter>
    </ClInclude>
    <ClInclude Include="Entity.h">
      <Filter>Game</Filter>
    </ClInclude>
    <ClInclude Include="Game.h">
      <Filter>Game</Filter>
    </ClInclude>
    <ClInclude Include="ResourceManager.h">
      <Filter>Util</Filter>
    </ClInclude>
    <ClInclude Include="Camera.h">
      <Filter>Game</Filter>
    </ClInclude>
    <ClInclude Include="Scene.h">
      <Filter>Game</Filter>
    </ClInclude>
    <ClInclude Include="Configuration.h">
      <Filter>Shiny</Filter>
    </ClInclude>
    <ClInclude Include="Engine.h">
      <Filter>Game</Filter>
    </ClInclude>
    <ClInclude Include="SkyBox.h">
      <Filter>Game</Filter>
    </ClInclude>
    <ClInclude Include="TinyObjLoader.h">
      <Filter>OfflineTools</Filter>
    </ClInclude>
    <ClInclude Include="PreComputation.h">
      <Filter>OfflineTools</Filter>
    </ClInclude>
    <ClInclude Include="PreIntegrator.h">
      <Filter>OfflineTools</Filter>
    </ClInclude>
    <ClInclude Include="Cubemap.h">
      <Filter>GPUData</Filter>
    </ClInclude>
    <ClInclude Include="Config.h">
      <Filter>Util</Filter>
    </ClInclude>
    <ClInclude Include="Json.h">
      <Filter>Util</Filter>
    </ClInclude>
    <ClInclude Include="Material.h">
      <Filter>RenderEngine</Filter>
    </ClInclude>
  </ItemGroup>
  <ItemGroup>
    <ClCompile Include="Shiny.cpp">
      <Filter>Shiny</Filter>
    </ClCompile>
    <ClCompile Include="Display.cpp">
      <Filter>Platform</Filter>
    </ClCompile>
    <ClCompile Include="Input.cpp">
      <Filter>Platform</Filter>
    </ClCompile>
    <ClCompile Include="PerformanceTimer.cpp">
      <Filter>Platform</Filter>
    </ClCompile>
    <ClCompile Include="ShaderProgram.cpp">
      <Filter>Platform</Filter>
    </ClCompile>
    <ClCompile Include="RenderingSystem.cpp">
      <Filter>Shiny</Filter>
    </ClCompile>
    <ClCompile Include="VertexAttributeDescription.cpp">
      <Filter>Graphics</Filter>
    </ClCompile>
    <ClCompile Include="GLSLProgram.cpp">
      <Filter>Graphics</Filter>
    </ClCompile>
    <ClCompile Include="UniformBlock.cpp">
      <Filter>Graphics</Filter>
    </ClCompile>
    <ClCompile Include="UniformBlockDescription.cpp">
      <Filter>Graphics</Filter>
    </ClCompile>
    <ClCompile Include="Mesh.cpp">
      <Filter>GPUData</Filter>
    </ClCompile>
    <ClCompile Include="Game.cpp">
      <Filter>Game</Filter>
    </ClCompile>
    <ClCompile Include="ResourceManager.cpp">
      <Filter>Util</Filter>
    </ClCompile>
    <ClCompile Include="Camera.cpp">
      <Filter>Game</Filter>
    </ClCompile>
    <ClCompile Include="SkyBox.cpp">
      <Filter>Game</Filter>
    </ClCompile>
    <ClCompile Include="TinyObjLoader.cpp">
      <Filter>OfflineTools</Filter>
    </ClCompile>
    <ClCompile Include="PreComputation.cpp">
      <Filter>OfflineTools</Filter>
    </ClCompile>
    <ClCompile Include="PreIntegrator.cpp">
      <Filter>OfflineTools</Filter>
    </ClCompile>
    <ClCompile Include="Cubemap.cpp">
      <Filter>GPUData</Filter>
    </ClCompile>
    <ClCompile Include="Config.cpp">
      <Filter>Util</Filter>
    </ClCompile>
    <ClCompile Include="Json.cpp">
      <Filter>Util</Filter>
    </ClCompile>
    <ClCompile Include="Material.cpp">
      <Filter>RenderEngine</Filter>
    </ClCompile>
  </ItemGroup>
  <ItemGroup>
    <None Include="Shaders\PBR.frag.glsl">
      <Filter>Shaders</Filter>
    </None>
    <None Include="Shaders\PBR.vert.glsl">
      <Filter>Shaders</Filter>
    </None>
    <None Include="Shaders\LightCulling.comp.glsl">
      <Filter>Shaders</Filter>
    </None>
    <None Include="Shaders\SkyBox.frag.glsl">
      <Filter>Shaders</Filter>
    </None>
    <None Include="Shaders\SkyBox.vert.glsl">
      <Filter>Shaders</Filter>
    </None>
    <None Include="Shaders\PreComputation.comp.glsl">
      <Filter>Shaders</Filter>
    </None>
    <None Include="Shaders\EpicPreComputation.comp.glsl">
      <Filter>Shaders</Filter>
    </None>
    <None Include="Shaders\PreIntegrator.cs.glsl">
      <Filter>Shaders</Filter>
    </None>
  </ItemGroup>
</Project>